<?xml version="1.0" encoding="utf-8"?>
<Project ToolsVersion="4.0" xmlns="http://schemas.microsoft.com/developer/msbuild/2003">
  <ItemGroup>
    <ClCompile Include="Main.cpp" />
    <ClCompile Include="server4.cpp">
      <Filter>챕터4</Filter>
    </ClCompile>
    <ClCompile Include="client4.cpp">
      <Filter>챕터4</Filter>
    </ClCompile>
    <ClCompile Include="server5_FixedByte.cpp">
      <Filter>챕터5</Filter>
    </ClCompile>
    <ClCompile Include="client5_FixedByte.cpp">
      <Filter>챕터5</Filter>
    </ClCompile>
    <ClCompile Include="server5_Variable.cpp">
      <Filter>챕터5</Filter>
    </ClCompile>
    <ClCompile Include="client5_Variable.cpp">
      <Filter>챕터5</Filter>
    </ClCompile>
    <ClCompile Include="server5_FixedVariable.cpp">
      <Filter>챕터5</Filter>
    </ClCompile>
    <ClCompile Include="client5_FixedVariable.cpp">
      <Filter>챕터5</Filter>
    </ClCompile>
    <ClCompile Include="server5_Close.cpp">
      <Filter>챕터5</Filter>
    </ClCompile>
    <ClCompile Include="client5_Close.cpp">
      <Filter>챕터5</Filter>
    </ClCompile>
    <ClCompile Include="Practice5_1.cpp">
      <Filter>챕터5\챕터5 문제</Filter>
    </ClCompile>
    <ClCompile Include="Practice5_2.cpp">
      <Filter>챕터5\챕터5 문제</Filter>
    </ClCompile>
    <ClCompile Include="Practice5_3.cpp">
      <Filter>챕터5\챕터5 문제</Filter>
    </ClCompile>
    <ClCompile Include="server6_ThreadTCP.cpp">
      <Filter>챕터6</Filter>
    </ClCompile>
    <ClCompile Include="Practice5_4.cpp">
      <Filter>챕터5\챕터5 문제</Filter>
    </ClCompile>
    <ClCompile Include="server6_Event.cpp">
      <Filter>챕터6</Filter>
    </ClCompile>
    <ClCompile Include="Practice6_6.cpp">
      <Filter>챕터6\챕터6_문제</Filter>
    </ClCompile>
    <ClCompile Include="Procademy2_1.cpp">
      <Filter>프로카데미과제\2주차</Filter>
    </ClCompile>
    <ClCompile Include="UDPServer8.cpp">
      <Filter>챕터8</Filter>
    </ClCompile>
    <ClCompile Include="UDPClient8.cpp">
      <Filter>챕터8</Filter>
    </ClCompile>
    <ClCompile Include="UDPBrodcastServer8.cpp">
      <Filter>챕터8</Filter>
    </ClCompile>
    <ClCompile Include="UDPBrodcastClient8.cpp">
      <Filter>챕터8</Filter>
    </ClCompile>
    <ClCompile Include="Practice8_2.cpp">
      <Filter>챕터8\챕터8_문제</Filter>
    </ClCompile>
    <ClCompile Include="Practice8_3.cpp">
      <Filter>챕터8\챕터8_문제</Filter>
    </ClCompile>
    <ClCompile Include="SelectServer11.cpp">
      <Filter>챕터11</Filter>
    </ClCompile>
    <ClCompile Include="SelectClient11.cpp">
      <Filter>챕터11</Filter>
    </ClCompile>
    <ClCompile Include="Buffer.cpp">
      <Filter>프로카데미과제\3주차</Filter>
    </ClCompile>
    <ClCompile Include="Console.cpp">
      <Filter>프로카데미과제\3주차</Filter>
    </ClCompile>
    <ClCompile Include="WSAAsyncSelectServer11.cpp">
      <Filter>챕터11</Filter>
    </ClCompile>
    <ClCompile Include="WSAAsyncSelectClient11.cpp">
      <Filter>챕터11</Filter>
    </ClCompile>
    <ClCompile Include="Practice3_Client.cpp">
      <Filter>프로카데미과제\3주차</Filter>
    </ClCompile>
    <ClCompile Include="Practice3_Server.cpp">
      <Filter>프로카데미과제\3주차</Filter>
    </ClCompile>
    <ClCompile Include="WSAAsyncSelectServer11_RingBufferAdd.cpp">
      <Filter>챕터11</Filter>
    </ClCompile>
    <ClCompile Include="..\RingBuffer\RingBuffer.cpp">
      <Filter>프로카데미과제\RingBuffer</Filter>
    </ClCompile>
    <ClCompile Include="GDI_Client.cpp">
      <Filter>프로카데미과제\4주차</Filter>
    </ClCompile>
    <ClCompile Include="ServerMain.cpp">
      <Filter>프로카데미과제\5주차</Filter>
    </ClCompile>
  </ItemGroup>
  <ItemGroup>
    <Filter Include="챕터5">
      <UniqueIdentifier>{8aaf3de0-e5be-4cab-bf8b-82c0b28d66a4}</UniqueIdentifier>
    </Filter>
    <Filter Include="챕터5\챕터5 문제">
      <UniqueIdentifier>{6713865b-21a5-4060-a4b6-ed2b400e5f75}</UniqueIdentifier>
    </Filter>
    <Filter Include="챕터4">
      <UniqueIdentifier>{24a06e90-b966-49dc-bc98-3b6fac214a02}</UniqueIdentifier>
    </Filter>
    <Filter Include="챕터6">
      <UniqueIdentifier>{3b4f667b-c900-4e14-ace3-37a0bb8eb61a}</UniqueIdentifier>
    </Filter>
    <Filter Include="챕터6\챕터6_문제">
      <UniqueIdentifier>{36d07495-be44-4dc1-af55-1f277baa9f13}</UniqueIdentifier>
    </Filter>
    <Filter Include="프로카데미과제">
      <UniqueIdentifier>{31f4a3c2-c890-4e80-8470-7208606665cf}</UniqueIdentifier>
    </Filter>
    <Filter Include="프로카데미과제\2주차">
      <UniqueIdentifier>{25a46721-8cf5-4384-b3cf-aa67fde74e4a}</UniqueIdentifier>
    </Filter>
    <Filter Include="챕터8">
      <UniqueIdentifier>{5f76eca1-3b09-413d-8515-bcb08cdd4025}</UniqueIdentifier>
    </Filter>
    <Filter Include="챕터8\챕터8_문제">
      <UniqueIdentifier>{73b4b717-499f-4f87-8d4a-0d6a36de2c81}</UniqueIdentifier>
    </Filter>
    <Filter Include="챕터11">
      <UniqueIdentifier>{d6eb6a0e-a9ec-4aac-a485-81f481f3ad86}</UniqueIdentifier>
    </Filter>
    <Filter Include="프로카데미과제\3주차">
      <UniqueIdentifier>{1ef18f22-0ce7-440e-874d-fcb4dbf9d391}</UniqueIdentifier>
    </Filter>
    <Filter Include="프로카데미과제\RingBuffer">
      <UniqueIdentifier>{d551c874-84e9-455c-943f-bc4c762d924c}</UniqueIdentifier>
    </Filter>
    <Filter Include="프로카데미과제\4주차">
      <UniqueIdentifier>{257a3585-9727-43fe-a483-41b66d646077}</UniqueIdentifier>
    </Filter>
    <Filter Include="프로카데미과제\5주차">
      <UniqueIdentifier>{6964d709-aa3b-4162-8a6d-ab3516c2b131}</UniqueIdentifier>
    </Filter>
  </ItemGroup>
  <ItemGroup>
    <ClInclude Include="Buffer.h">
      <Filter>프로카데미과제\3주차</Filter>
    </ClInclude>
    <ClInclude Include="Console.h">
      <Filter>프로카데미과제\3주차</Filter>
    </ClInclude>
    <ClInclude Include="..\RingBuffer\RingBuffer.h">
      <Filter>프로카데미과제\RingBuffer</Filter>
    </ClInclude>
    <ClInclude Include="Protocol.h">
      <Filter>프로카데미과제\5주차</Filter>
    </ClInclude>
  </ItemGroup>
</Project>