<?xml version="1.0" encoding="utf-8"?>
<Project ToolsVersion="4.0" xmlns="http://schemas.microsoft.com/developer/msbuild/2003">
  <ItemGroup>
    <Filter Include="소스 파일">
      <UniqueIdentifier>{4FC737F1-C7A5-4376-A066-2A32D752A2FF}</UniqueIdentifier>
      <Extensions>cpp;c;cc;cxx;c++;cppm;ixx;def;odl;idl;hpj;bat;asm;asmx</Extensions>
    </Filter>
    <Filter Include="Practice01">
      <UniqueIdentifier>{af830604-5d98-4b4c-9b15-0423709fab99}</UniqueIdentifier>
    </Filter>
    <Filter Include="Practice02">
      <UniqueIdentifier>{4bfa1cf5-a038-48ef-b030-0874285d72fb}</UniqueIdentifier>
    </Filter>
    <Filter Include="Practice03">
      <UniqueIdentifier>{0f2429d5-8541-4ded-8f8b-75fb87e26da1}</UniqueIdentifier>
    </Filter>
    <Filter Include="Practice04">
      <UniqueIdentifier>{3b6ca9f7-6792-4612-8033-3bf3f8757f23}</UniqueIdentifier>
    </Filter>
    <Filter Include="Practice05">
      <UniqueIdentifier>{05bf61cf-e13c-41a4-a5af-313448f23a84}</UniqueIdentifier>
    </Filter>
    <Filter Include="Practice06">
      <UniqueIdentifier>{883860c3-e610-4118-8d99-e304543bb3c2}</UniqueIdentifier>
    </Filter>
    <Filter Include="Practice07">
      <UniqueIdentifier>{64403f96-2eb3-4d68-9ffa-99b4572481a4}</UniqueIdentifier>
    </Filter>
    <Filter Include="Practice08">
      <UniqueIdentifier>{bc5b6d6b-e782-4224-9cdd-8e0781620162}</UniqueIdentifier>
    </Filter>
    <Filter Include="Practice09">
      <UniqueIdentifier>{c0f374c2-e09d-453f-86b1-75b12faae08d}</UniqueIdentifier>
    </Filter>
    <Filter Include="VirtualMemory_overflow_check">
      <UniqueIdentifier>{3a98252d-a05d-4946-97e2-8b35456a67ed}</UniqueIdentifier>
    </Filter>
  </ItemGroup>
  <ItemGroup>
    <ClCompile Include="Main.cpp">
      <Filter>소스 파일</Filter>
    </ClCompile>
    <ClCompile Include="Temp.cpp">
      <Filter>소스 파일</Filter>
    </ClCompile>
    <ClCompile Include="Practice01_1.cpp">
      <Filter>Practice01</Filter>
    </ClCompile>
    <ClCompile Include="Practice01_2.cpp">
      <Filter>Practice01</Filter>
    </ClCompile>
    <ClCompile Include="Practice01_3.cpp">
      <Filter>Practice01</Filter>
    </ClCompile>
    <ClCompile Include="make_rand.cpp">
      <Filter>Practice02</Filter>
    </ClCompile>
    <ClCompile Include="DFS_Test.cpp">
      <Filter>Practice03</Filter>
    </ClCompile>
    <ClCompile Include="RandomSystem.cpp">
      <Filter>Practice04</Filter>
    </ClCompile>
    <ClCompile Include="TimingGame.cpp">
      <Filter>Practice05</Filter>
    </ClCompile>
    <ClCompile Include="DFS_BFS_FindRoute.cpp">
      <Filter>Practice07</Filter>
    </ClCompile>
    <ClCompile Include="HashTable.cpp">
      <Filter>Practice07</Filter>
    </ClCompile>
    <ClCompile Include="addshlsub.cpp">
      <Filter>Practice07</Filter>
    </ClCompile>
    <ClCompile Include="FileSynthesis.cpp">
      <Filter>Practice08</Filter>
    </ClCompile>
    <ClCompile Include="ClassStarPrint.cpp">
      <Filter>Practice09</Filter>
    </ClCompile>
    <ClCompile Include="StartPrint.cpp">
      <Filter>Practice09</Filter>
    </ClCompile>
    <ClCompile Include="overflow_check.cpp">
      <Filter>VirtualMemory_overflow_check</Filter>
    </ClCompile>
  </ItemGroup>
  <ItemGroup>
    <ClInclude Include="Temp.h">
      <Filter>소스 파일</Filter>
    </ClInclude>
    <ClInclude Include="Date.h">
      <Filter>소스 파일</Filter>
    </ClInclude>
    <ClInclude Include="Address.h">
      <Filter>소스 파일</Filter>
    </ClInclude>
    <ClInclude Include="StartPrint.h">
      <Filter>Practice09</Filter>
    </ClInclude>
    <ClInclude Include="overflow_check.h">
      <Filter>VirtualMemory_overflow_check</Filter>
    </ClInclude>
  </ItemGroup>
</Project>