<?xml version="1.0" encoding="utf-8"?>
<Project ToolsVersion="4.0" xmlns="http://schemas.microsoft.com/developer/msbuild/2003">
  <ItemGroup>
    <ClCompile Include="ChatServer.cpp" />
    <ClCompile Include="RingBuffer.cpp" />
    <ClCompile Include="..\SerializationBuffer\SerializationBuffer.cpp" />
    <ClCompile Include="ObjectFreeList.cpp" />
  </ItemGroup>
  <ItemGroup>
    <ClInclude Include="RingBuffer.h" />
    <ClInclude Include="Protocol.h" />
    <ClInclude Include="..\SerializationBuffer\SerializationBuffer.h" />
    <ClInclude Include="MetricLogger.h">
      <Filter>Logger</Filter>
    </ClInclude>
    <ClInclude Include="ObjectFreeList.h" />
  </ItemGroup>
  <ItemGroup>
    <Filter Include="Logger">
      <UniqueIdentifier>{e9a7cc9c-23c2-4f1a-bfc6-91b77772364c}</UniqueIdentifier>
    </Filter>
  </ItemGroup>
</Project>