<?xml version="1.0" encoding="utf-8"?>
<Project ToolsVersion="4.0" xmlns="http://schemas.microsoft.com/developer/msbuild/2003">
  <ItemGroup>
    <Filter Include="Project">
      <UniqueIdentifier>{75a50f6b-ae94-4e6c-b0e0-8d45d7988b74}</UniqueIdentifier>
    </Filter>
    <Filter Include="Employee">
      <UniqueIdentifier>{151ab8ea-6777-458e-8c66-473f79717db8}</UniqueIdentifier>
    </Filter>
    <Filter Include="Database">
      <UniqueIdentifier>{532874d4-bc51-4efe-a2cd-d6176a72507b}</UniqueIdentifier>
    </Filter>
    <Filter Include="Practice">
      <UniqueIdentifier>{1b6e4e57-e516-42aa-b6d0-f69d497762bc}</UniqueIdentifier>
    </Filter>
    <Filter Include="STL_Practice">
      <UniqueIdentifier>{b3464dfa-4c17-4a3c-b259-112409ff51c1}</UniqueIdentifier>
    </Filter>
    <Filter Include="STL_Practice\Array_Practice">
      <UniqueIdentifier>{33d42b0a-01b1-4823-8845-0b6049849f7d}</UniqueIdentifier>
    </Filter>
    <Filter Include="STL_Practice\Vector_Practice">
      <UniqueIdentifier>{8d0aba03-8094-47f3-a74c-3af800e2f085}</UniqueIdentifier>
    </Filter>
    <Filter Include="STL_Practice\Queue_Practice">
      <UniqueIdentifier>{585affff-7050-40fc-ac32-9635711387e6}</UniqueIdentifier>
    </Filter>
    <Filter Include="STL_Practice\Map_Practice">
      <UniqueIdentifier>{dda2d763-8104-4d4c-8b00-a569b98150ce}</UniqueIdentifier>
    </Filter>
    <Filter Include="STL_Practice\Set_Practice">
      <UniqueIdentifier>{48d08514-c508-44b8-82b6-2fa03b5a8201}</UniqueIdentifier>
    </Filter>
  </ItemGroup>
  <ItemGroup>
    <ClCompile Include="EmployeeTest.cpp">
      <Filter>Project</Filter>
    </ClCompile>
    <ClCompile Include="Employee.cpp">
      <Filter>Employee</Filter>
    </ClCompile>
    <ClCompile Include="Employee.ixx">
      <Filter>Employee</Filter>
    </ClCompile>
    <ClCompile Include="Database.ixx">
      <Filter>Database</Filter>
    </ClCompile>
    <ClCompile Include="Database.cpp">
      <Filter>Database</Filter>
    </ClCompile>
    <ClCompile Include="DatabaseTest.cpp">
      <Filter>Project</Filter>
    </ClCompile>
    <ClCompile Include="UserInterface.cpp">
      <Filter>Project</Filter>
    </ClCompile>
    <ClCompile Include="Practice01.cpp">
      <Filter>Practice</Filter>
    </ClCompile>
    <ClCompile Include="Employee01.ixx">
      <Filter>Practice</Filter>
    </ClCompile>
    <ClCompile Include="Employee01.cpp">
      <Filter>Practice</Filter>
    </ClCompile>
    <ClCompile Include="Array.cpp">
      <Filter>STL_Practice\Array_Practice</Filter>
    </ClCompile>
    <ClCompile Include="Array_Main.cpp">
      <Filter>STL_Practice\Array_Practice</Filter>
    </ClCompile>
    <ClCompile Include="BankDB.cpp">
      <Filter>STL_Practice\Map_Practice</Filter>
    </ClCompile>
  </ItemGroup>
  <ItemGroup>
    <ClInclude Include="Array.h">
      <Filter>STL_Practice\Array_Practice</Filter>
    </ClInclude>
    <ClInclude Include="RoundRobin.h">
      <Filter>STL_Practice\Vector_Practice</Filter>
    </ClInclude>
    <ClInclude Include="Queue.h">
      <Filter>STL_Practice\Queue_Practice</Filter>
    </ClInclude>
    <ClInclude Include="BankDB.h">
      <Filter>STL_Practice\Map_Practice</Filter>
    </ClInclude>
    <ClInclude Include="AccessList.h">
      <Filter>STL_Practice\Set_Practice</Filter>
    </ClInclude>
  </ItemGroup>
</Project>