<?xml version="1.0" encoding="utf-8"?>
<Project ToolsVersion="4.0" xmlns="http://schemas.microsoft.com/developer/msbuild/2003">
  <ItemGroup>
    <Filter Include="Main">
      <UniqueIdentifier>{ad74cb79-69ec-4f9c-88d1-fa8ffbdcb063}</UniqueIdentifier>
    </Filter>
    <Filter Include="Chapter6">
      <UniqueIdentifier>{4FC737F1-C7A5-4376-A066-2A32D752A2FF}</UniqueIdentifier>
      <Extensions>cpp;c;cc;cxx;c++;cppm;ixx;def;odl;idl;hpj;bat;asm;asmx</Extensions>
    </Filter>
    <Filter Include="Chapter7">
      <UniqueIdentifier>{6261e323-02a6-48de-a0bc-280da75d94be}</UniqueIdentifier>
    </Filter>
    <Filter Include="Chapter8">
      <UniqueIdentifier>{6c0ed5ba-e692-4c46-b047-406803748d54}</UniqueIdentifier>
    </Filter>
    <Filter Include="Chapter9">
      <UniqueIdentifier>{2fe1147a-5369-47a0-b068-fb41957bdd37}</UniqueIdentifier>
    </Filter>
    <Filter Include="Chapter12">
      <UniqueIdentifier>{bda1394c-138d-4f82-bc74-bf9fe6b64283}</UniqueIdentifier>
    </Filter>
    <Filter Include="Chapter13">
      <UniqueIdentifier>{52791dc1-4e70-4b09-b10b-9364c6a48191}</UniqueIdentifier>
    </Filter>
    <Filter Include="Chapter14">
      <UniqueIdentifier>{da646c4f-06fc-4bf2-bec2-f7e30f547ce1}</UniqueIdentifier>
    </Filter>
    <Filter Include="Chapter15">
      <UniqueIdentifier>{df7c25f8-509a-4c65-ac58-ae861769ab6a}</UniqueIdentifier>
    </Filter>
    <Filter Include="Chapter17">
      <UniqueIdentifier>{6d518f78-23a1-44c4-bf9e-7a3a878a9f72}</UniqueIdentifier>
    </Filter>
    <Filter Include="Chapter18">
      <UniqueIdentifier>{35814d21-e84b-460e-aca0-10829cb35375}</UniqueIdentifier>
    </Filter>
  </ItemGroup>
  <ItemGroup>
    <ClCompile Include="Operation1.c">
      <Filter>Chapter6</Filter>
    </ClCompile>
    <ClCompile Include="Main.c">
      <Filter>Main</Filter>
    </ClCompile>
    <ClCompile Include="OperationStateParent.c">
      <Filter>Chapter6</Filter>
    </ClCompile>
    <ClCompile Include="MailReceiver.c">
      <Filter>Chapter7</Filter>
    </ClCompile>
    <ClCompile Include="AdderManager.c">
      <Filter>Chapter7</Filter>
    </ClCompile>
    <ClCompile Include="MailReceiver2.c">
      <Filter>Chapter8</Filter>
    </ClCompile>
    <ClCompile Include="DuplicateHandle.c">
      <Filter>Chapter8</Filter>
    </ClCompile>
    <ClCompile Include="anonymous_pipe.c">
      <Filter>Chapter8</Filter>
    </ClCompile>
    <ClCompile Include="namedpipe_server.c">
      <Filter>Chapter8</Filter>
    </ClCompile>
    <ClCompile Include="ABOVE_NORMAL_PRIORITY_CLASS.c">
      <Filter>Chapter9</Filter>
    </ClCompile>
    <ClCompile Include="CountThread.c">
      <Filter>Chapter12</Filter>
    </ClCompile>
    <ClCompile Include="ThreadAdderOne.c">
      <Filter>Chapter12</Filter>
    </ClCompile>
    <ClCompile Include="ThreadAdderTwo.c">
      <Filter>Chapter12</Filter>
    </ClCompile>
    <ClCompile Include="strtok.c">
      <Filter>Chapter12</Filter>
    </ClCompile>
    <ClCompile Include="CountThreadMultiThread.c">
      <Filter>Chapter12</Filter>
    </ClCompile>
    <ClCompile Include="SuspendCount.c">
      <Filter>Chapter12</Filter>
    </ClCompile>
    <ClCompile Include="CriticalSection.c">
      <Filter>Chapter13</Filter>
    </ClCompile>
    <ClCompile Include="CriticalSectionSync.c">
      <Filter>Chapter13</Filter>
    </ClCompile>
    <ClCompile Include="CriticalSectionSyncMutex.c">
      <Filter>Chapter13</Filter>
    </ClCompile>
    <ClCompile Include="CriticalSectionSyncSemaphore.c">
      <Filter>Chapter13</Filter>
    </ClCompile>
    <ClCompile Include="NamedMutex.c">
      <Filter>Chapter13</Filter>
    </ClCompile>
    <ClCompile Include="MUTEX_WAIT_ABANDONED.c">
      <Filter>Chapter13</Filter>
    </ClCompile>
    <ClCompile Include="StringEvent.c">
      <Filter>Chapter14</Filter>
    </ClCompile>
    <ClCompile Include="StringEvent2.c">
      <Filter>Chapter14</Filter>
    </ClCompile>
    <ClCompile Include="StringEvent3.c">
      <Filter>Chapter14</Filter>
    </ClCompile>
    <ClCompile Include="ManualResetTimer.c">
      <Filter>Chapter14</Filter>
    </ClCompile>
    <ClCompile Include="PeriodicTimer.c">
      <Filter>Chapter14</Filter>
    </ClCompile>
    <ClCompile Include="ThreadPooling.c">
      <Filter>Chapter15</Filter>
    </ClCompile>
    <ClCompile Include="__try__finally.c">
      <Filter>Chapter17</Filter>
    </ClCompile>
    <ClCompile Include="exception_finally.c">
      <Filter>Chapter17</Filter>
    </ClCompile>
    <ClCompile Include="TerminationHandlerEx1.c">
      <Filter>Chapter17</Filter>
    </ClCompile>
    <ClCompile Include="TerminationHandlerEx2.c">
      <Filter>Chapter17</Filter>
    </ClCompile>
    <ClCompile Include="SEH_FlowView.c">
      <Filter>Chapter17</Filter>
    </ClCompile>
    <ClCompile Include="SEH_Calculator_One.c">
      <Filter>Chapter17</Filter>
    </ClCompile>
    <ClCompile Include="SEH_Calculator_Two.c">
      <Filter>Chapter17</Filter>
    </ClCompile>
    <ClCompile Include="SEH_Calculator_Three.c">
      <Filter>Chapter17</Filter>
    </ClCompile>
    <ClCompile Include="GetExceptionCode.c">
      <Filter>Chapter17</Filter>
    </ClCompile>
    <ClCompile Include="SEH_Calculator_ContinueExecution.c">
      <Filter>Chapter17</Filter>
    </ClCompile>
    <ClCompile Include="SEH_Calculator_ContinueSearch.c">
      <Filter>Chapter17</Filter>
    </ClCompile>
    <ClCompile Include="RaiseException.c">
      <Filter>Chapter17</Filter>
    </ClCompile>
    <ClCompile Include="EXCEPTION_NONCONTINUABLE.c">
      <Filter>Chapter17</Filter>
    </ClCompile>
    <ClCompile Include="RaiseExceptionParam.c">
      <Filter>Chapter17</Filter>
    </ClCompile>
    <ClCompile Include="UNICODE_BASE_FILE_IO.c">
      <Filter>Chapter18</Filter>
    </ClCompile>
    <ClCompile Include="UNICODE_BASE_FILE_READ.c">
      <Filter>Chapter18</Filter>
    </ClCompile>
    <ClCompile Include="FileTimeInformation.c">
      <Filter>Chapter18</Filter>
    </ClCompile>
    <ClCompile Include="GetFileSize.c">
      <Filter>Chapter18</Filter>
    </ClCompile>
    <ClCompile Include="Set_Get_FileAttributes.c">
      <Filter>Chapter18</Filter>
    </ClCompile>
    <ClCompile Include="GetFileInfomationByHandle.c">
      <Filter>Chapter18</Filter>
    </ClCompile>
  </ItemGroup>
</Project>