<?xml version="1.0" encoding="utf-8"?>
<Project ToolsVersion="4.0" xmlns="http://schemas.microsoft.com/developer/msbuild/2003">
  <ItemGroup>
    <Filter Include="Main">
      <UniqueIdentifier>{ad74cb79-69ec-4f9c-88d1-fa8ffbdcb063}</UniqueIdentifier>
    </Filter>
    <Filter Include="Chapter6">
      <UniqueIdentifier>{4FC737F1-C7A5-4376-A066-2A32D752A2FF}</UniqueIdentifier>
      <Extensions>cpp;c;cc;cxx;c++;cppm;ixx;def;odl;idl;hpj;bat;asm;asmx</Extensions>
    </Filter>
    <Filter Include="Project">
      <UniqueIdentifier>{79610c67-72a2-47d4-9ad7-3f90d45b5d59}</UniqueIdentifier>
    </Filter>
    <Filter Include="Chapter7">
      <UniqueIdentifier>{6261e323-02a6-48de-a0bc-280da75d94be}</UniqueIdentifier>
    </Filter>
    <Filter Include="Chapter8">
      <UniqueIdentifier>{6c0ed5ba-e692-4c46-b047-406803748d54}</UniqueIdentifier>
    </Filter>
  </ItemGroup>
  <ItemGroup>
    <ClCompile Include="Operation1.c">
      <Filter>Chapter6</Filter>
    </ClCompile>
    <ClCompile Include="Main.c">
      <Filter>Main</Filter>
    </ClCompile>
    <ClCompile Include="OperationStateParent.c">
      <Filter>Chapter6</Filter>
    </ClCompile>
    <ClCompile Include="MailReceiver.c">
      <Filter>Chapter7</Filter>
    </ClCompile>
    <ClCompile Include="AdderManager.c">
      <Filter>Chapter7</Filter>
    </ClCompile>
    <ClCompile Include="MailReceiver2.c">
      <Filter>Chapter8</Filter>
    </ClCompile>
    <ClCompile Include="DuplicateHandle.c">
      <Filter>Chapter8</Filter>
    </ClCompile>
    <ClCompile Include="anonymous_pipe.c">
      <Filter>Chapter8</Filter>
    </ClCompile>
    <ClCompile Include="namedpipe_server.c">
      <Filter>Chapter8</Filter>
    </ClCompile>
  </ItemGroup>
</Project>