<?xml version="1.0" encoding="utf-8"?>
<Project ToolsVersion="4.0" xmlns="http://schemas.microsoft.com/developer/msbuild/2003">
  <ItemGroup>
    <Filter Include="CPP">
      <UniqueIdentifier>{1f848475-646c-428c-bdb4-3f2887c39cbc}</UniqueIdentifier>
    </Filter>
    <Filter Include="C">
      <UniqueIdentifier>{4902a555-3147-4f1d-a68e-f8fc180c437c}</UniqueIdentifier>
    </Filter>
    <Filter Include="CPP\선형 자료구조">
      <UniqueIdentifier>{f2f45b85-0824-428c-b9b4-3e5a4a94b250}</UniqueIdentifier>
    </Filter>
    <Filter Include="CPP\정렬 자료구조">
      <UniqueIdentifier>{d2596ceb-7dcb-4ce0-bb3e-929fe466c203}</UniqueIdentifier>
    </Filter>
    <Filter Include="CPP\탐색 자료구조">
      <UniqueIdentifier>{2b62c072-63e7-4036-8de5-59f9cfa0a418}</UniqueIdentifier>
    </Filter>
    <Filter Include="CPP\최소 스패닝 트리">
      <UniqueIdentifier>{45fd2d25-eec6-4ba0-a323-2142b47b64c1}</UniqueIdentifier>
    </Filter>
    <Filter Include="CPP\동적계획법">
      <UniqueIdentifier>{2cd7651d-0b1c-4c15-8925-d12ce51d891e}</UniqueIdentifier>
    </Filter>
  </ItemGroup>
  <ItemGroup>
    <ClCompile Include="동적메모리할당.c">
      <Filter>C</Filter>
    </ClCompile>
    <ClCompile Include="동적배열스택.c">
      <Filter>C</Filter>
    </ClCompile>
    <ClCompile Include="이중연결리스트.c">
      <Filter>C</Filter>
    </ClCompile>
    <ClCompile Include="이진탐색트리.c">
      <Filter>C</Filter>
    </ClCompile>
    <ClCompile Include="우선순위큐.c">
      <Filter>C</Filter>
    </ClCompile>
    <ClCompile Include="DFS.c">
      <Filter>C</Filter>
    </ClCompile>
    <ClCompile Include="BFS.c">
      <Filter>C</Filter>
    </ClCompile>
    <ClCompile Include="선택정렬.c">
      <Filter>C</Filter>
    </ClCompile>
    <ClCompile Include="삽입정렬.c">
      <Filter>C</Filter>
    </ClCompile>
    <ClCompile Include="버블정렬.c">
      <Filter>C</Filter>
    </ClCompile>
    <ClCompile Include="합병정렬.c">
      <Filter>C</Filter>
    </ClCompile>
    <ClCompile Include="퀵정렬.c">
      <Filter>C</Filter>
    </ClCompile>
    <ClCompile Include="스택.cpp">
      <Filter>CPP\선형 자료구조</Filter>
    </ClCompile>
    <ClCompile Include="동적배열.cpp">
      <Filter>CPP\선형 자료구조</Filter>
    </ClCompile>
    <ClCompile Include="큐.cpp">
      <Filter>CPP\선형 자료구조</Filter>
    </ClCompile>
    <ClCompile Include="연결리스트.cpp">
      <Filter>CPP\선형 자료구조</Filter>
    </ClCompile>
    <ClCompile Include="병합정렬.cpp">
      <Filter>CPP\정렬 자료구조</Filter>
    </ClCompile>
    <ClCompile Include="퀵정렬.cpp">
      <Filter>CPP\정렬 자료구조</Filter>
    </ClCompile>
    <ClCompile Include="이진탐색.cpp">
      <Filter>CPP\탐색 자료구조</Filter>
    </ClCompile>
    <ClCompile Include="이진탐색트리.cpp">
      <Filter>CPP\탐색 자료구조</Filter>
    </ClCompile>
    <ClCompile Include="BinarySearchTree.cpp">
      <Filter>CPP\탐색 자료구조</Filter>
    </ClCompile>
    <ClCompile Include="BFS.cpp">
      <Filter>CPP\탐색 자료구조</Filter>
    </ClCompile>
    <ClCompile Include="DFS.cpp">
      <Filter>CPP\탐색 자료구조</Filter>
    </ClCompile>
    <ClCompile Include="그래프.cpp">
      <Filter>CPP\탐색 자료구조</Filter>
    </ClCompile>
    <ClCompile Include="우선순위큐.cpp">
      <Filter>CPP\탐색 자료구조</Filter>
    </ClCompile>
    <ClCompile Include="다익스트라.cpp">
      <Filter>CPP\탐색 자료구조</Filter>
    </ClCompile>
    <ClCompile Include="트리.cpp">
      <Filter>CPP</Filter>
    </ClCompile>
    <ClCompile Include="레드블랙트리.cpp">
      <Filter>CPP\탐색 자료구조</Filter>
    </ClCompile>
    <ClCompile Include="Union-Find.cpp">
      <Filter>CPP\최소 스패닝 트리</Filter>
    </ClCompile>
    <ClCompile Include="Kruskal.cpp">
      <Filter>CPP\최소 스패닝 트리</Filter>
    </ClCompile>
    <ClCompile Include="동적계획법.cpp">
      <Filter>CPP\동적계획법</Filter>
    </ClCompile>
    <ClCompile Include="동적계획법_LIS.cpp">
      <Filter>CPP\동적계획법</Filter>
    </ClCompile>
  </ItemGroup>
  <ItemGroup>
    <ClInclude Include="BinarySearchTree.h">
      <Filter>CPP\탐색 자료구조</Filter>
    </ClInclude>
  </ItemGroup>
</Project>