<?xml version="1.0" encoding="utf-8"?>
<Project ToolsVersion="4.0" xmlns="http://schemas.microsoft.com/developer/msbuild/2003">
  <ItemGroup>
    <Filter Include="Project">
      <UniqueIdentifier>{dd73a366-15ec-420d-98e1-8de2671b652f}</UniqueIdentifier>
    </Filter>
    <Filter Include="Chapter5">
      <UniqueIdentifier>{4FC737F1-C7A5-4376-A066-2A32D752A2FF}</UniqueIdentifier>
      <Extensions>cpp;c;cc;cxx;c++;cppm;ixx;def;odl;idl;hpj;bat;asm;asmx</Extensions>
    </Filter>
    <Filter Include="Chapter6">
      <UniqueIdentifier>{992d8b94-491c-45a6-9eef-7ac384f2c711}</UniqueIdentifier>
    </Filter>
    <Filter Include="Chapter7">
      <UniqueIdentifier>{83fce630-2540-4dc9-99ba-4f726a594268}</UniqueIdentifier>
    </Filter>
    <Filter Include="Chapter8">
      <UniqueIdentifier>{8530b379-ecd5-4ec5-906f-a9c68e08680d}</UniqueIdentifier>
    </Filter>
  </ItemGroup>
  <ItemGroup>
    <ClCompile Include="CreateProcess.c">
      <Filter>Chapter5</Filter>
    </ClCompile>
    <ClCompile Include="Calculator.c">
      <Filter>Chapter5</Filter>
    </ClCompile>
    <ClCompile Include="Program.c">
      <Filter>Project</Filter>
    </ClCompile>
    <ClCompile Include="Operation2.c">
      <Filter>Chapter6</Filter>
    </ClCompile>
    <ClCompile Include="KernelObjProb2.c">
      <Filter>Chapter6</Filter>
    </ClCompile>
    <ClCompile Include="OperationStateChild.c">
      <Filter>Chapter6</Filter>
    </ClCompile>
    <ClCompile Include="MailSender.c">
      <Filter>Chapter7</Filter>
    </ClCompile>
    <ClCompile Include="PartAdder.c">
      <Filter>Chapter7</Filter>
    </ClCompile>
    <ClCompile Include="MailSender2_1.c">
      <Filter>Chapter8</Filter>
    </ClCompile>
    <ClCompile Include="DuplicateHandleChildProcess.c">
      <Filter>Chapter8</Filter>
    </ClCompile>
    <ClCompile Include="namedpipe_client.c">
      <Filter>Chapter8</Filter>
    </ClCompile>
  </ItemGroup>
</Project>